
Microsoft Visual Studio Solution File, Format Version 12.00
# Visual Studio Version 17
VisualStudioVersion = 17.1.32228.430
MinimumVisualStudioVersion = 10.0.40219.1
Project("{FAE04EC0-301F-11D3-BF4B-00C04F79EFBC}") = "ConsoleRandomString", "ConsoleRandomString\ConsoleRandomString.csproj", "{04CC7406-2AED-4C7A-96D9-D6382DF3AAF4}"
EndProject
Global
	GlobalSection(SolutionConfigurationPlatforms) = preSolution
		Debug|Any CPU = Debug|Any CPU
		Release|Any CPU = Release|Any CPU
	EndGlobalSection
	GlobalSection(ProjectConfigurationPlatforms) = postSolution
		{04CC7406-2AED-4C7A-96D9-D6382DF3AAF4}.Debug|Any CPU.ActiveCfg = Debug|Any CPU
		{04CC7406-2AED-4C7A-96D9-D6382DF3AAF4}.Debug|Any CPU.Build.0 = Debug|Any CPU
		{04CC7406-2AED-4C7A-96D9-D6382DF3AAF4}.Release|Any CPU.ActiveCfg = Release|Any CPU
		{04CC7406-2AED-4C7A-96D9-D6382DF3AAF4}.Release|Any CPU.Build.0 = Release|Any CPU
	EndGlobalSection
	GlobalSection(SolutionProperties) = preSolution
		HideSolutionNode = FALSE
	EndGlobalSection
	GlobalSection(ExtensibilityGlobals) = postSolution
		SolutionGuid = {5831E324-49A8-419A-B4CC-256B1929AB67}
	EndGlobalSection
EndGlobal
